
Microsoft Visual Studio Solution File, Format Version 12.00
# Visual Studio Version 16
VisualStudioVersion = 16.0.31205.134
MinimumVisualStudioVersion = 10.0.40219.1
Project("{FAE04EC0-301F-11D3-BF4B-00C04F79EFBC}") = "ShantyWebAPI", "ShantyWebAPI\ShantyWebAPI.csproj", "{21F85543-CAE8-4496-9887-E33399B62B28}"
EndProject
Project("{2150E333-8FDC-42A3-9474-1A3956D46DE8}") = "Solution Items", "Solution Items", "{CF4BE56E-6864-4D4F-9216-01C203D90CF5}"
	ProjectSection(SolutionItems) = preProject
		README.md = README.md
	EndProjectSection
EndProject
Global
	GlobalSection(SolutionConfigurationPlatforms) = preSolution
		Debug|Any CPU = Debug|Any CPU
		Release|Any CPU = Release|Any CPU
	EndGlobalSection
	GlobalSection(ProjectConfigurationPlatforms) = postSolution
		{21F85543-CAE8-4496-9887-E33399B62B28}.Debug|Any CPU.ActiveCfg = Debug|Any CPU
		{21F85543-CAE8-4496-9887-E33399B62B28}.Debug|Any CPU.Build.0 = Debug|Any CPU
		{21F85543-CAE8-4496-9887-E33399B62B28}.Release|Any CPU.ActiveCfg = Release|Any CPU
		{21F85543-CAE8-4496-9887-E33399B62B28}.Release|Any CPU.Build.0 = Release|Any CPU
	EndGlobalSection
	GlobalSection(SolutionProperties) = preSolution
		HideSolutionNode = FALSE
	EndGlobalSection
	GlobalSection(ExtensibilityGlobals) = postSolution
		SolutionGuid = {733D2880-E766-42CE-A034-2508A1ABC9E8}
	EndGlobalSection
EndGlobal
